// !$*UTF8*$!
{
	archiveVersion = 1;
	classes = {
	};
	objectVersion = 46;
	objects = {

/* Begin PBXBuildFile section */
		115474CE1DF53CF10083AD78 /* iflyMSC.framework in Frameworks */ = {isa = PBXBuildFile; fileRef = 115474CD1DF53CF10083AD78 /* iflyMSC.framework */; };
		115474D11DF5A5EE0083AD78 /* ISRDataHelper.m in Sources */ = {isa = PBXBuildFile; fileRef = 115474D01DF5A5EE0083AD78 /* ISRDataHelper.m */; };
		117AFA771DEEC32C00F2FDB3 /* main.m in Sources */ = {isa = PBXBuildFile; fileRef = 117AFA761DEEC32C00F2FDB3 /* main.m */; };
		117AFA7A1DEEC32C00F2FDB3 /* AppDelegate.m in Sources */ = {isa = PBXBuildFile; fileRef = 117AFA791DEEC32C00F2FDB3 /* AppDelegate.m */; };
		117AFA821DEEC32C00F2FDB3 /* Assets.xcassets in Resources */ = {isa = PBXBuildFile; fileRef = 117AFA811DEEC32C00F2FDB3 /* Assets.xcassets */; };
		117AFA851DEEC32C00F2FDB3 /* LaunchScreen.storyboard in Resources */ = {isa = PBXBuildFile; fileRef = 117AFA831DEEC32C00F2FDB3 /* LaunchScreen.storyboard */; };
		117AFA901DEEC9BE00F2FDB3 /* BLViewController.m in Sources */ = {isa = PBXBuildFile; fileRef = 117AFA8F1DEEC9BE00F2FDB3 /* BLViewController.m */; };
		117AFAAD1DEED4B800F2FDB3 /* Info.plist in Resources */ = {isa = PBXBuildFile; fileRef = 117AFA931DEED4B800F2FDB3 /* Info.plist */; };
		117AFAAE1DEED4B800F2FDB3 /* MASCompositeConstraint.m in Sources */ = {isa = PBXBuildFile; fileRef = 117AFA951DEED4B800F2FDB3 /* MASCompositeConstraint.m */; };
		117AFAAF1DEED4B800F2FDB3 /* MASConstraint.m in Sources */ = {isa = PBXBuildFile; fileRef = 117AFA981DEED4B800F2FDB3 /* MASConstraint.m */; };
		117AFAB01DEED4B800F2FDB3 /* MASConstraintMaker.m in Sources */ = {isa = PBXBuildFile; fileRef = 117AFA9A1DEED4B800F2FDB3 /* MASConstraintMaker.m */; };
		117AFAB11DEED4B800F2FDB3 /* MASLayoutConstraint.m in Sources */ = {isa = PBXBuildFile; fileRef = 117AFA9C1DEED4B800F2FDB3 /* MASLayoutConstraint.m */; };
		117AFAB21DEED4B800F2FDB3 /* MASViewAttribute.m in Sources */ = {isa = PBXBuildFile; fileRef = 117AFAA01DEED4B800F2FDB3 /* MASViewAttribute.m */; };
		117AFAB31DEED4B800F2FDB3 /* MASViewConstraint.m in Sources */ = {isa = PBXBuildFile; fileRef = 117AFAA21DEED4B800F2FDB3 /* MASViewConstraint.m */; };
		117AFAB41DEED4B800F2FDB3 /* NSArray+MASAdditions.m in Sources */ = {isa = PBXBuildFile; fileRef = 117AFAA41DEED4B800F2FDB3 /* NSArray+MASAdditions.m */; };
		117AFAB51DEED4B800F2FDB3 /* NSLayoutConstraint+MASDebugAdditions.m in Sources */ = {isa = PBXBuildFile; fileRef = 117AFAA71DEED4B800F2FDB3 /* NSLayoutConstraint+MASDebugAdditions.m */; };
		117AFAB61DEED4B800F2FDB3 /* View+MASAdditions.m in Sources */ = {isa = PBXBuildFile; fileRef = 117AFAA91DEED4B800F2FDB3 /* View+MASAdditions.m */; };
		117AFAB71DEED4B800F2FDB3 /* ViewController+MASAdditions.m in Sources */ = {isa = PBXBuildFile; fileRef = 117AFAAC1DEED4B800F2FDB3 /* ViewController+MASAdditions.m */; };
		117AFABB1DEEDB0900F2FDB3 /* BLMapViewController.m in Sources */ = {isa = PBXBuildFile; fileRef = 117AFABA1DEEDB0900F2FDB3 /* BLMapViewController.m */; };
		117AFABE1DEEE07100F2FDB3 /* MapKit.framework in Frameworks */ = {isa = PBXBuildFile; fileRef = 117AFABD1DEEE07100F2FDB3 /* MapKit.framework */; };
		117AFAC11DEF572B00F2FDB3 /* BLAnnotation.m in Sources */ = {isa = PBXBuildFile; fileRef = 117AFAC01DEF572B00F2FDB3 /* BLAnnotation.m */; };
		117AFAEA1DF3436800F2FDB3 /* NSObject+CZRuntime.m in Sources */ = {isa = PBXBuildFile; fileRef = 117AFAE91DF3436800F2FDB3 /* NSObject+CZRuntime.m */; };
		117AFB3B1DF5235700F2FDB3 /* CoreGraphics.framework in Frameworks */ = {isa = PBXBuildFile; fileRef = 117AFB3A1DF5235700F2FDB3 /* CoreGraphics.framework */; };
		117AFB3D1DF5236000F2FDB3 /* UIKit.framework in Frameworks */ = {isa = PBXBuildFile; fileRef = 117AFB3C1DF5236000F2FDB3 /* UIKit.framework */; };
		117AFB431DF5261400F2FDB3 /* libz.tbd in Frameworks */ = {isa = PBXBuildFile; fileRef = 117AFB421DF5261400F2FDB3 /* libz.tbd */; };
		117AFB451DF5262B00F2FDB3 /* CoreLocation.framework in Frameworks */ = {isa = PBXBuildFile; fileRef = 117AFB441DF5262B00F2FDB3 /* CoreLocation.framework */; };
		117AFB471DF5263600F2FDB3 /* CoreTelephony.framework in Frameworks */ = {isa = PBXBuildFile; fileRef = 117AFB461DF5263600F2FDB3 /* CoreTelephony.framework */; };
		117AFB491DF5263E00F2FDB3 /* AVFoundation.framework in Frameworks */ = {isa = PBXBuildFile; fileRef = 117AFB481DF5263E00F2FDB3 /* AVFoundation.framework */; };
		117AFB4B1DF5264A00F2FDB3 /* AddressBook.framework in Frameworks */ = {isa = PBXBuildFile; fileRef = 117AFB4A1DF5264A00F2FDB3 /* AddressBook.framework */; };
		117AFB4D1DF5265800F2FDB3 /* AudioToolbox.framework in Frameworks */ = {isa = PBXBuildFile; fileRef = 117AFB4C1DF5265800F2FDB3 /* AudioToolbox.framework */; };
		117AFB4F1DF5266200F2FDB3 /* SystemConfiguration.framework in Frameworks */ = {isa = PBXBuildFile; fileRef = 117AFB4E1DF5266200F2FDB3 /* SystemConfiguration.framework */; };
		117AFB511DF5266B00F2FDB3 /* QuartzCore.framework in Frameworks */ = {isa = PBXBuildFile; fileRef = 117AFB501DF5266B00F2FDB3 /* QuartzCore.framework */; };
		11E89DF01DF5320F003C4772 /* Contacts.framework in Frameworks */ = {isa = PBXBuildFile; fileRef = 11E89DEF1DF5320F003C4772 /* Contacts.framework */; };
/* End PBXBuildFile section */

/* Begin PBXFileReference section */
		115474CD1DF53CF10083AD78 /* iflyMSC.framework */ = {isa = PBXFileReference; lastKnownFileType = wrapper.framework; name = iflyMSC.framework; path = ../lib/iflyMSC.framework; sourceTree = "<group>"; };
		115474CF1DF5A5EE0083AD78 /* ISRDataHelper.h */ = {isa = PBXFileReference; fileEncoding = 4; lastKnownFileType = sourcecode.c.h; path = ISRDataHelper.h; sourceTree = "<group>"; };
		115474D01DF5A5EE0083AD78 /* ISRDataHelper.m */ = {isa = PBXFileReference; fileEncoding = 4; lastKnownFileType = sourcecode.c.objc; path = ISRDataHelper.m; sourceTree = "<group>"; };
		117AFA721DEEC32C00F2FDB3 /* MapDemo.app */ = {isa = PBXFileReference; explicitFileType = wrapper.application; includeInIndex = 0; path = MapDemo.app; sourceTree = BUILT_PRODUCTS_DIR; };
		117AFA761DEEC32C00F2FDB3 /* main.m */ = {isa = PBXFileReference; lastKnownFileType = sourcecode.c.objc; path = main.m; sourceTree = "<group>"; };
		117AFA781DEEC32C00F2FDB3 /* AppDelegate.h */ = {isa = PBXFileReference; lastKnownFileType = sourcecode.c.h; name = AppDelegate.h; path = ../AppDelegate.h; sourceTree = "<group>"; };
		117AFA791DEEC32C00F2FDB3 /* AppDelegate.m */ = {isa = PBXFileReference; lastKnownFileType = sourcecode.c.objc; name = AppDelegate.m; path = ../AppDelegate.m; sourceTree = "<group>"; };
		117AFA811DEEC32C00F2FDB3 /* Assets.xcassets */ = {isa = PBXFileReference; lastKnownFileType = folder.assetcatalog; path = Assets.xcassets; sourceTree = "<group>"; };
		117AFA841DEEC32C00F2FDB3 /* Base */ = {isa = PBXFileReference; lastKnownFileType = file.storyboard; name = Base; path = Base.lproj/LaunchScreen.storyboard; sourceTree = "<group>"; };
		117AFA861DEEC32C00F2FDB3 /* Info.plist */ = {isa = PBXFileReference; lastKnownFileType = text.plist.xml; path = Info.plist; sourceTree = "<group>"; };
		117AFA8E1DEEC9BE00F2FDB3 /* BLViewController.h */ = {isa = PBXFileReference; fileEncoding = 4; lastKnownFileType = sourcecode.c.h; path = BLViewController.h; sourceTree = "<group>"; };
		117AFA8F1DEEC9BE00F2FDB3 /* BLViewController.m */ = {isa = PBXFileReference; fileEncoding = 4; lastKnownFileType = sourcecode.c.objc; path = BLViewController.m; sourceTree = "<group>"; };
		117AFA931DEED4B800F2FDB3 /* Info.plist */ = {isa = PBXFileReference; fileEncoding = 4; lastKnownFileType = text.plist.xml; path = Info.plist; sourceTree = "<group>"; };
		117AFA941DEED4B800F2FDB3 /* MASCompositeConstraint.h */ = {isa = PBXFileReference; fileEncoding = 4; lastKnownFileType = sourcecode.c.h; path = MASCompositeConstraint.h; sourceTree = "<group>"; };
		117AFA951DEED4B800F2FDB3 /* MASCompositeConstraint.m */ = {isa = PBXFileReference; fileEncoding = 4; lastKnownFileType = sourcecode.c.objc; path = MASCompositeConstraint.m; sourceTree = "<group>"; };
		117AFA961DEED4B800F2FDB3 /* MASConstraint+Private.h */ = {isa = PBXFileReference; fileEncoding = 4; lastKnownFileType = sourcecode.c.h; path = "MASConstraint+Private.h"; sourceTree = "<group>"; };
		117AFA971DEED4B800F2FDB3 /* MASConstraint.h */ = {isa = PBXFileReference; fileEncoding = 4; lastKnownFileType = sourcecode.c.h; path = MASConstraint.h; sourceTree = "<group>"; };
		117AFA981DEED4B800F2FDB3 /* MASConstraint.m */ = {isa = PBXFileReference; fileEncoding = 4; lastKnownFileType = sourcecode.c.objc; path = MASConstraint.m; sourceTree = "<group>"; };
		117AFA991DEED4B800F2FDB3 /* MASConstraintMaker.h */ = {isa = PBXFileReference; fileEncoding = 4; lastKnownFileType = sourcecode.c.h; path = MASConstraintMaker.h; sourceTree = "<group>"; };
		117AFA9A1DEED4B800F2FDB3 /* MASConstraintMaker.m */ = {isa = PBXFileReference; fileEncoding = 4; lastKnownFileType = sourcecode.c.objc; path = MASConstraintMaker.m; sourceTree = "<group>"; };
		117AFA9B1DEED4B800F2FDB3 /* MASLayoutConstraint.h */ = {isa = PBXFileReference; fileEncoding = 4; lastKnownFileType = sourcecode.c.h; path = MASLayoutConstraint.h; sourceTree = "<group>"; };
		117AFA9C1DEED4B800F2FDB3 /* MASLayoutConstraint.m */ = {isa = PBXFileReference; fileEncoding = 4; lastKnownFileType = sourcecode.c.objc; path = MASLayoutConstraint.m; sourceTree = "<group>"; };
		117AFA9D1DEED4B800F2FDB3 /* Masonry.h */ = {isa = PBXFileReference; fileEncoding = 4; lastKnownFileType = sourcecode.c.h; path = Masonry.h; sourceTree = "<group>"; };
		117AFA9E1DEED4B800F2FDB3 /* MASUtilities.h */ = {isa = PBXFileReference; fileEncoding = 4; lastKnownFileType = sourcecode.c.h; path = MASUtilities.h; sourceTree = "<group>"; };
		117AFA9F1DEED4B800F2FDB3 /* MASViewAttribute.h */ = {isa = PBXFileReference; fileEncoding = 4; lastKnownFileType = sourcecode.c.h; path = MASViewAttribute.h; sourceTree = "<group>"; };
		117AFAA01DEED4B800F2FDB3 /* MASViewAttribute.m */ = {isa = PBXFileReference; fileEncoding = 4; lastKnownFileType = sourcecode.c.objc; path = MASViewAttribute.m; sourceTree = "<group>"; };
		117AFAA11DEED4B800F2FDB3 /* MASViewConstraint.h */ = {isa = PBXFileReference; fileEncoding = 4; lastKnownFileType = sourcecode.c.h; path = MASViewConstraint.h; sourceTree = "<group>"; };
		117AFAA21DEED4B800F2FDB3 /* MASViewConstraint.m */ = {isa = PBXFileReference; fileEncoding = 4; lastKnownFileType = sourcecode.c.objc; path = MASViewConstraint.m; sourceTree = "<group>"; };
		117AFAA31DEED4B800F2FDB3 /* NSArray+MASAdditions.h */ = {isa = PBXFileReference; fileEncoding = 4; lastKnownFileType = sourcecode.c.h; path = "NSArray+MASAdditions.h"; sourceTree = "<group>"; };
		117AFAA41DEED4B800F2FDB3 /* NSArray+MASAdditions.m */ = {isa = PBXFileReference; fileEncoding = 4; lastKnownFileType = sourcecode.c.objc; path = "NSArray+MASAdditions.m"; sourceTree = "<group>"; };
		117AFAA51DEED4B800F2FDB3 /* NSArray+MASShorthandAdditions.h */ = {isa = PBXFileReference; fileEncoding = 4; lastKnownFileType = sourcecode.c.h; path = "NSArray+MASShorthandAdditions.h"; sourceTree = "<group>"; };
		117AFAA61DEED4B800F2FDB3 /* NSLayoutConstraint+MASDebugAdditions.h */ = {isa = PBXFileReference; fileEncoding = 4; lastKnownFileType = sourcecode.c.h; path = "NSLayoutConstraint+MASDebugAdditions.h"; sourceTree = "<group>"; };
		117AFAA71DEED4B800F2FDB3 /* NSLayoutConstraint+MASDebugAdditions.m */ = {isa = PBXFileReference; fileEncoding = 4; lastKnownFileType = sourcecode.c.objc; path = "NSLayoutConstraint+MASDebugAdditions.m"; sourceTree = "<group>"; };
		117AFAA81DEED4B800F2FDB3 /* View+MASAdditions.h */ = {isa = PBXFileReference; fileEncoding = 4; lastKnownFileType = sourcecode.c.h; path = "View+MASAdditions.h"; sourceTree = "<group>"; };
		117AFAA91DEED4B800F2FDB3 /* View+MASAdditions.m */ = {isa = PBXFileReference; fileEncoding = 4; lastKnownFileType = sourcecode.c.objc; path = "View+MASAdditions.m"; sourceTree = "<group>"; };
		117AFAAA1DEED4B800F2FDB3 /* View+MASShorthandAdditions.h */ = {isa = PBXFileReference; fileEncoding = 4; lastKnownFileType = sourcecode.c.h; path = "View+MASShorthandAdditions.h"; sourceTree = "<group>"; };
		117AFAAB1DEED4B800F2FDB3 /* ViewController+MASAdditions.h */ = {isa = PBXFileReference; fileEncoding = 4; lastKnownFileType = sourcecode.c.h; path = "ViewController+MASAdditions.h"; sourceTree = "<group>"; };
		117AFAAC1DEED4B800F2FDB3 /* ViewController+MASAdditions.m */ = {isa = PBXFileReference; fileEncoding = 4; lastKnownFileType = sourcecode.c.objc; path = "ViewController+MASAdditions.m"; sourceTree = "<group>"; };
		117AFAB91DEEDB0900F2FDB3 /* BLMapViewController.h */ = {isa = PBXFileReference; fileEncoding = 4; lastKnownFileType = sourcecode.c.h; path = BLMapViewController.h; sourceTree = "<group>"; };
		117AFABA1DEEDB0900F2FDB3 /* BLMapViewController.m */ = {isa = PBXFileReference; fileEncoding = 4; lastKnownFileType = sourcecode.c.objc; path = BLMapViewController.m; sourceTree = "<group>"; };
		117AFABD1DEEE07100F2FDB3 /* MapKit.framework */ = {isa = PBXFileReference; lastKnownFileType = wrapper.framework; name = MapKit.framework; path = System/Library/Frameworks/MapKit.framework; sourceTree = SDKROOT; };
		117AFABF1DEF572B00F2FDB3 /* BLAnnotation.h */ = {isa = PBXFileReference; fileEncoding = 4; lastKnownFileType = sourcecode.c.h; path = BLAnnotation.h; sourceTree = "<group>"; };
		117AFAC01DEF572B00F2FDB3 /* BLAnnotation.m */ = {isa = PBXFileReference; fileEncoding = 4; lastKnownFileType = sourcecode.c.objc; path = BLAnnotation.m; sourceTree = "<group>"; };
		117AFAE81DF3436800F2FDB3 /* NSObject+CZRuntime.h */ = {isa = PBXFileReference; fileEncoding = 4; lastKnownFileType = sourcecode.c.h; path = "NSObject+CZRuntime.h"; sourceTree = "<group>"; };
		117AFAE91DF3436800F2FDB3 /* NSObject+CZRuntime.m */ = {isa = PBXFileReference; fileEncoding = 4; lastKnownFileType = sourcecode.c.objc; path = "NSObject+CZRuntime.m"; sourceTree = "<group>"; };
		117AFB3A1DF5235700F2FDB3 /* CoreGraphics.framework */ = {isa = PBXFileReference; lastKnownFileType = wrapper.framework; name = CoreGraphics.framework; path = System/Library/Frameworks/CoreGraphics.framework; sourceTree = SDKROOT; };
		117AFB3C1DF5236000F2FDB3 /* UIKit.framework */ = {isa = PBXFileReference; lastKnownFileType = wrapper.framework; name = UIKit.framework; path = System/Library/Frameworks/UIKit.framework; sourceTree = SDKROOT; };
		117AFB3E1DF5236800F2FDB3 /* Foundation.framework */ = {isa = PBXFileReference; lastKnownFileType = wrapper.framework; name = Foundation.framework; path = System/Library/Frameworks/Foundation.framework; sourceTree = SDKROOT; };
		117AFB421DF5261400F2FDB3 /* libz.tbd */ = {isa = PBXFileReference; lastKnownFileType = "sourcecode.text-based-dylib-definition"; name = libz.tbd; path = usr/lib/libz.tbd; sourceTree = SDKROOT; };
		117AFB441DF5262B00F2FDB3 /* CoreLocation.framework */ = {isa = PBXFileReference; lastKnownFileType = wrapper.framework; name = CoreLocation.framework; path = System/Library/Frameworks/CoreLocation.framework; sourceTree = SDKROOT; };
		117AFB461DF5263600F2FDB3 /* CoreTelephony.framework */ = {isa = PBXFileReference; lastKnownFileType = wrapper.framework; name = CoreTelephony.framework; path = System/Library/Frameworks/CoreTelephony.framework; sourceTree = SDKROOT; };
		117AFB481DF5263E00F2FDB3 /* AVFoundation.framework */ = {isa = PBXFileReference; lastKnownFileType = wrapper.framework; name = AVFoundation.framework; path = System/Library/Frameworks/AVFoundation.framework; sourceTree = SDKROOT; };
		117AFB4A1DF5264A00F2FDB3 /* AddressBook.framework */ = {isa = PBXFileReference; lastKnownFileType = wrapper.framework; name = AddressBook.framework; path = System/Library/Frameworks/AddressBook.framework; sourceTree = SDKROOT; };
		117AFB4C1DF5265800F2FDB3 /* AudioToolbox.framework */ = {isa = PBXFileReference; lastKnownFileType = wrapper.framework; name = AudioToolbox.framework; path = System/Library/Frameworks/AudioToolbox.framework; sourceTree = SDKROOT; };
		117AFB4E1DF5266200F2FDB3 /* SystemConfiguration.framework */ = {isa = PBXFileReference; lastKnownFileType = wrapper.framework; name = SystemConfiguration.framework; path = System/Library/Frameworks/SystemConfiguration.framework; sourceTree = SDKROOT; };
		117AFB501DF5266B00F2FDB3 /* QuartzCore.framework */ = {isa = PBXFileReference; lastKnownFileType = wrapper.framework; name = QuartzCore.framework; path = System/Library/Frameworks/QuartzCore.framework; sourceTree = SDKROOT; };
		11E89DEF1DF5320F003C4772 /* Contacts.framework */ = {isa = PBXFileReference; lastKnownFileType = wrapper.framework; name = Contacts.framework; path = System/Library/Frameworks/Contacts.framework; sourceTree = SDKROOT; };
/* End PBXFileReference section */

/* Begin PBXFrameworksBuildPhase section */
		117AFA6F1DEEC32B00F2FDB3 /* Frameworks */ = {
			isa = PBXFrameworksBuildPhase;
			buildActionMask = 2147483647;
			files = (
				115474CE1DF53CF10083AD78 /* iflyMSC.framework in Frameworks */,
				11E89DF01DF5320F003C4772 /* Contacts.framework in Frameworks */,
				117AFB511DF5266B00F2FDB3 /* QuartzCore.framework in Frameworks */,
				117AFB4F1DF5266200F2FDB3 /* SystemConfiguration.framework in Frameworks */,
				117AFB4D1DF5265800F2FDB3 /* AudioToolbox.framework in Frameworks */,
				117AFB4B1DF5264A00F2FDB3 /* AddressBook.framework in Frameworks */,
				117AFB491DF5263E00F2FDB3 /* AVFoundation.framework in Frameworks */,
				117AFB471DF5263600F2FDB3 /* CoreTelephony.framework in Frameworks */,
				117AFB451DF5262B00F2FDB3 /* CoreLocation.framework in Frameworks */,
				117AFB431DF5261400F2FDB3 /* libz.tbd in Frameworks */,
				117AFB3D1DF5236000F2FDB3 /* UIKit.framework in Frameworks */,
				117AFB3B1DF5235700F2FDB3 /* CoreGraphics.framework in Frameworks */,
				117AFABE1DEEE07100F2FDB3 /* MapKit.framework in Frameworks */,
			);
			runOnlyForDeploymentPostprocessing = 0;
		};
/* End PBXFrameworksBuildPhase section */

/* Begin PBXGroup section */
		117AFA691DEEC32B00F2FDB3 = {
			isa = PBXGroup;
			children = (
				117AFA741DEEC32C00F2FDB3 /* MapDemo */,
				117AFA731DEEC32C00F2FDB3 /* Products */,
				117AFABC1DEEE07100F2FDB3 /* Frameworks */,
			);
			sourceTree = "<group>";
		};
		117AFA731DEEC32C00F2FDB3 /* Products */ = {
			isa = PBXGroup;
			children = (
				117AFA721DEEC32C00F2FDB3 /* MapDemo.app */,
			);
			name = Products;
			sourceTree = "<group>";
		};
		117AFA741DEEC32C00F2FDB3 /* MapDemo */ = {
			isa = PBXGroup;
			children = (
				117AFA911DEED4A600F2FDB3 /* ThirdLab */,
				117AFA8D1DEEC99900F2FDB3 /* Home */,
				117AFAB81DEEDAEA00F2FDB3 /* Map */,
				117AFA751DEEC32C00F2FDB3 /* Supporting Files */,
			);
			path = MapDemo;
			sourceTree = "<group>";
		};
		117AFA751DEEC32C00F2FDB3 /* Supporting Files */ = {
			isa = PBXGroup;
			children = (
				117AFA811DEEC32C00F2FDB3 /* Assets.xcassets */,
				117AFA831DEEC32C00F2FDB3 /* LaunchScreen.storyboard */,
				117AFA861DEEC32C00F2FDB3 /* Info.plist */,
				117AFA761DEEC32C00F2FDB3 /* main.m */,
			);
			name = "Supporting Files";
			sourceTree = "<group>";
		};
		117AFA8D1DEEC99900F2FDB3 /* Home */ = {
			isa = PBXGroup;
			children = (
				117AFA781DEEC32C00F2FDB3 /* AppDelegate.h */,
				117AFA791DEEC32C00F2FDB3 /* AppDelegate.m */,
				117AFA8E1DEEC9BE00F2FDB3 /* BLViewController.h */,
				117AFA8F1DEEC9BE00F2FDB3 /* BLViewController.m */,
			);
			path = Home;
			sourceTree = "<group>";
		};
		117AFA911DEED4A600F2FDB3 /* ThirdLab */ = {
			isa = PBXGroup;
			children = (
				117AFAE81DF3436800F2FDB3 /* NSObject+CZRuntime.h */,
				117AFAE91DF3436800F2FDB3 /* NSObject+CZRuntime.m */,
				115474CF1DF5A5EE0083AD78 /* ISRDataHelper.h */,
				115474D01DF5A5EE0083AD78 /* ISRDataHelper.m */,
				117AFA921DEED4B800F2FDB3 /* Masonry */,
			);
			path = ThirdLab;
			sourceTree = "<group>";
		};
		117AFA921DEED4B800F2FDB3 /* Masonry */ = {
			isa = PBXGroup;
			children = (
				117AFA931DEED4B800F2FDB3 /* Info.plist */,
				117AFA941DEED4B800F2FDB3 /* MASCompositeConstraint.h */,
				117AFA951DEED4B800F2FDB3 /* MASCompositeConstraint.m */,
				117AFA961DEED4B800F2FDB3 /* MASConstraint+Private.h */,
				117AFA971DEED4B800F2FDB3 /* MASConstraint.h */,
				117AFA981DEED4B800F2FDB3 /* MASConstraint.m */,
				117AFA991DEED4B800F2FDB3 /* MASConstraintMaker.h */,
				117AFA9A1DEED4B800F2FDB3 /* MASConstraintMaker.m */,
				117AFA9B1DEED4B800F2FDB3 /* MASLayoutConstraint.h */,
				117AFA9C1DEED4B800F2FDB3 /* MASLayoutConstraint.m */,
				117AFA9D1DEED4B800F2FDB3 /* Masonry.h */,
				117AFA9E1DEED4B800F2FDB3 /* MASUtilities.h */,
				117AFA9F1DEED4B800F2FDB3 /* MASViewAttribute.h */,
				117AFAA01DEED4B800F2FDB3 /* MASViewAttribute.m */,
				117AFAA11DEED4B800F2FDB3 /* MASViewConstraint.h */,
				117AFAA21DEED4B800F2FDB3 /* MASViewConstraint.m */,
				117AFAA31DEED4B800F2FDB3 /* NSArray+MASAdditions.h */,
				117AFAA41DEED4B800F2FDB3 /* NSArray+MASAdditions.m */,
				117AFAA51DEED4B800F2FDB3 /* NSArray+MASShorthandAdditions.h */,
				117AFAA61DEED4B800F2FDB3 /* NSLayoutConstraint+MASDebugAdditions.h */,
				117AFAA71DEED4B800F2FDB3 /* NSLayoutConstraint+MASDebugAdditions.m */,
				117AFAA81DEED4B800F2FDB3 /* View+MASAdditions.h */,
				117AFAA91DEED4B800F2FDB3 /* View+MASAdditions.m */,
				117AFAAA1DEED4B800F2FDB3 /* View+MASShorthandAdditions.h */,
				117AFAAB1DEED4B800F2FDB3 /* ViewController+MASAdditions.h */,
				117AFAAC1DEED4B800F2FDB3 /* ViewController+MASAdditions.m */,
			);
			path = Masonry;
			sourceTree = "<group>";
		};
		117AFAB81DEEDAEA00F2FDB3 /* Map */ = {
			isa = PBXGroup;
			children = (
				117AFAB91DEEDB0900F2FDB3 /* BLMapViewController.h */,
				117AFABA1DEEDB0900F2FDB3 /* BLMapViewController.m */,
				117AFABF1DEF572B00F2FDB3 /* BLAnnotation.h */,
				117AFAC01DEF572B00F2FDB3 /* BLAnnotation.m */,
			);
			path = Map;
			sourceTree = "<group>";
		};
		117AFABC1DEEE07100F2FDB3 /* Frameworks */ = {
			isa = PBXGroup;
			children = (
				115474CD1DF53CF10083AD78 /* iflyMSC.framework */,
				11E89DEF1DF5320F003C4772 /* Contacts.framework */,
				117AFB501DF5266B00F2FDB3 /* QuartzCore.framework */,
				117AFB4E1DF5266200F2FDB3 /* SystemConfiguration.framework */,
				117AFB4C1DF5265800F2FDB3 /* AudioToolbox.framework */,
				117AFB4A1DF5264A00F2FDB3 /* AddressBook.framework */,
				117AFB481DF5263E00F2FDB3 /* AVFoundation.framework */,
				117AFB461DF5263600F2FDB3 /* CoreTelephony.framework */,
				117AFB441DF5262B00F2FDB3 /* CoreLocation.framework */,
				117AFB421DF5261400F2FDB3 /* libz.tbd */,
				117AFB3E1DF5236800F2FDB3 /* Foundation.framework */,
				117AFB3C1DF5236000F2FDB3 /* UIKit.framework */,
				117AFB3A1DF5235700F2FDB3 /* CoreGraphics.framework */,
				117AFABD1DEEE07100F2FDB3 /* MapKit.framework */,
			);
			name = Frameworks;
			sourceTree = "<group>";
		};
/* End PBXGroup section */

/* Begin PBXNativeTarget section */
		117AFA711DEEC32B00F2FDB3 /* MapDemo */ = {
			isa = PBXNativeTarget;
			buildConfigurationList = 117AFA891DEEC32C00F2FDB3 /* Build configuration list for PBXNativeTarget "MapDemo" */;
			buildPhases = (
				117AFA6E1DEEC32B00F2FDB3 /* Sources */,
				117AFA6F1DEEC32B00F2FDB3 /* Frameworks */,
				117AFA701DEEC32B00F2FDB3 /* Resources */,
			);
			buildRules = (
			);
			dependencies = (
			);
			name = MapDemo;
			productName = MapDemo;
			productReference = 117AFA721DEEC32C00F2FDB3 /* MapDemo.app */;
			productType = "com.apple.product-type.application";
		};
/* End PBXNativeTarget section */

/* Begin PBXProject section */
		117AFA6A1DEEC32B00F2FDB3 /* Project object */ = {
			isa = PBXProject;
			attributes = {
				LastUpgradeCheck = 0810;
				ORGANIZATIONNAME = "Mac-b";
				TargetAttributes = {
					117AFA711DEEC32B00F2FDB3 = {
						CreatedOnToolsVersion = 8.1;
						DevelopmentTeam = 9S578ADP92;
						ProvisioningStyle = Automatic;
					};
				};
			};
			buildConfigurationList = 117AFA6D1DEEC32B00F2FDB3 /* Build configuration list for PBXProject "MapDemo" */;
			compatibilityVersion = "Xcode 3.2";
			developmentRegion = English;
			hasScannedForEncodings = 0;
			knownRegions = (
				en,
				Base,
			);
			mainGroup = 117AFA691DEEC32B00F2FDB3;
			productRefGroup = 117AFA731DEEC32C00F2FDB3 /* Products */;
			projectDirPath = "";
			projectRoot = "";
			targets = (
				117AFA711DEEC32B00F2FDB3 /* MapDemo */,
			);
		};
/* End PBXProject section */

/* Begin PBXResourcesBuildPhase section */
		117AFA701DEEC32B00F2FDB3 /* Resources */ = {
			isa = PBXResourcesBuildPhase;
			buildActionMask = 2147483647;
			files = (
				117AFA851DEEC32C00F2FDB3 /* LaunchScreen.storyboard in Resources */,
				117AFA821DEEC32C00F2FDB3 /* Assets.xcassets in Resources */,
				117AFAAD1DEED4B800F2FDB3 /* Info.plist in Resources */,
			);
			runOnlyForDeploymentPostprocessing = 0;
		};
/* End PBXResourcesBuildPhase section */

/* Begin PBXSourcesBuildPhase section */
		117AFA6E1DEEC32B00F2FDB3 /* Sources */ = {
			isa = PBXSourcesBuildPhase;
			buildActionMask = 2147483647;
			files = (
				117AFAB51DEED4B800F2FDB3 /* NSLayoutConstraint+MASDebugAdditions.m in Sources */,
				117AFAB31DEED4B800F2FDB3 /* MASViewConstraint.m in Sources */,
				117AFAAE1DEED4B800F2FDB3 /* MASCompositeConstraint.m in Sources */,
				117AFAEA1DF3436800F2FDB3 /* NSObject+CZRuntime.m in Sources */,
				117AFABB1DEEDB0900F2FDB3 /* BLMapViewController.m in Sources */,
				117AFAC11DEF572B00F2FDB3 /* BLAnnotation.m in Sources */,
				115474D11DF5A5EE0083AD78 /* ISRDataHelper.m in Sources */,
				117AFAB41DEED4B800F2FDB3 /* NSArray+MASAdditions.m in Sources */,
				117AFA901DEEC9BE00F2FDB3 /* BLViewController.m in Sources */,
				117AFA7A1DEEC32C00F2FDB3 /* AppDelegate.m in Sources */,
				117AFAB11DEED4B800F2FDB3 /* MASLayoutConstraint.m in Sources */,
				117AFA771DEEC32C00F2FDB3 /* main.m in Sources */,
				117AFAB71DEED4B800F2FDB3 /* ViewController+MASAdditions.m in Sources */,
				117AFAB61DEED4B800F2FDB3 /* View+MASAdditions.m in Sources */,
				117AFAB21DEED4B800F2FDB3 /* MASViewAttribute.m in Sources */,
				117AFAAF1DEED4B800F2FDB3 /* MASConstraint.m in Sources */,
				117AFAB01DEED4B800F2FDB3 /* MASConstraintMaker.m in Sources */,
			);
			runOnlyForDeploymentPostprocessing = 0;
		};
/* End PBXSourcesBuildPhase section */

/* Begin PBXVariantGroup section */
		117AFA831DEEC32C00F2FDB3 /* LaunchScreen.storyboard */ = {
			isa = PBXVariantGroup;
			children = (
				117AFA841DEEC32C00F2FDB3 /* Base */,
			);
			name = LaunchScreen.storyboard;
			sourceTree = "<group>";
		};
/* End PBXVariantGroup section */

/* Begin XCBuildConfiguration section */
		117AFA871DEEC32C00F2FDB3 /* Debug */ = {
			isa = XCBuildConfiguration;
			buildSettings = {
				ALWAYS_SEARCH_USER_PATHS = NO;
				CLANG_ANALYZER_NONNULL = YES;
				CLANG_CXX_LANGUAGE_STANDARD = "gnu++0x";
				CLANG_CXX_LIBRARY = "libc++";
				CLANG_ENABLE_MODULES = YES;
				CLANG_ENABLE_OBJC_ARC = YES;
				CLANG_WARN_BOOL_CONVERSION = YES;
				CLANG_WARN_CONSTANT_CONVERSION = YES;
				CLANG_WARN_DIRECT_OBJC_ISA_USAGE = YES_ERROR;
				CLANG_WARN_DOCUMENTATION_COMMENTS = YES;
				CLANG_WARN_EMPTY_BODY = YES;
				CLANG_WARN_ENUM_CONVERSION = YES;
				CLANG_WARN_INFINITE_RECURSION = YES;
				CLANG_WARN_INT_CONVERSION = YES;
				CLANG_WARN_OBJC_ROOT_CLASS = YES_ERROR;
				CLANG_WARN_SUSPICIOUS_MOVES = YES;
				CLANG_WARN_UNREACHABLE_CODE = YES;
				CLANG_WARN__DUPLICATE_METHOD_MATCH = YES;
				"CODE_SIGN_IDENTITY[sdk=iphoneos*]" = "iPhone Developer";
				COPY_PHASE_STRIP = NO;
				DEBUG_INFORMATION_FORMAT = dwarf;
				ENABLE_STRICT_OBJC_MSGSEND = YES;
				ENABLE_TESTABILITY = YES;
				GCC_C_LANGUAGE_STANDARD = gnu99;
				GCC_DYNAMIC_NO_PIC = NO;
				GCC_NO_COMMON_BLOCKS = YES;
				GCC_OPTIMIZATION_LEVEL = 0;
				GCC_PREPROCESSOR_DEFINITIONS = (
					"DEBUG=1",
					"$(inherited)",
				);
				GCC_WARN_64_TO_32_BIT_CONVERSION = YES;
				GCC_WARN_ABOUT_RETURN_TYPE = YES_ERROR;
				GCC_WARN_UNDECLARED_SELECTOR = YES;
				GCC_WARN_UNINITIALIZED_AUTOS = YES_AGGRESSIVE;
				GCC_WARN_UNUSED_FUNCTION = YES;
				GCC_WARN_UNUSED_VARIABLE = YES;
				IPHONEOS_DEPLOYMENT_TARGET = 10.1;
				MTL_ENABLE_DEBUG_INFO = YES;
				ONLY_ACTIVE_ARCH = YES;
				SDKROOT = iphoneos;
				TARGETED_DEVICE_FAMILY = "1,2";
			};
			name = Debug;
		};
		117AFA881DEEC32C00F2FDB3 /* Release */ = {
			isa = XCBuildConfiguration;
			buildSettings = {
				ALWAYS_SEARCH_USER_PATHS = NO;
				CLANG_ANALYZER_NONNULL = YES;
				CLANG_CXX_LANGUAGE_STANDARD = "gnu++0x";
				CLANG_CXX_LIBRARY = "libc++";
				CLANG_ENABLE_MODULES = YES;
				CLANG_ENABLE_OBJC_ARC = YES;
				CLANG_WARN_BOOL_CONVERSION = YES;
				CLANG_WARN_CONSTANT_CONVERSION = YES;
				CLANG_WARN_DIRECT_OBJC_ISA_USAGE = YES_ERROR;
				CLANG_WARN_DOCUMENTATION_COMMENTS = YES;
				CLANG_WARN_EMPTY_BODY = YES;
				CLANG_WARN_ENUM_CONVERSION = YES;
				CLANG_WARN_INFINITE_RECURSION = YES;
				CLANG_WARN_INT_CONVERSION = YES;
				CLANG_WARN_OBJC_ROOT_CLASS = YES_ERROR;
				CLANG_WARN_SUSPICIOUS_MOVES = YES;
				CLANG_WARN_UNREACHABLE_CODE = YES;
				CLANG_WARN__DUPLICATE_METHOD_MATCH = YES;
				"CODE_SIGN_IDENTITY[sdk=iphoneos*]" = "iPhone Developer";
				COPY_PHASE_STRIP = NO;
				DEBUG_INFORMATION_FORMAT = "dwarf-with-dsym";
				ENABLE_NS_ASSERTIONS = NO;
				ENABLE_STRICT_OBJC_MSGSEND = YES;
				GCC_C_LANGUAGE_STANDARD = gnu99;
				GCC_NO_COMMON_BLOCKS = YES;
				GCC_WARN_64_TO_32_BIT_CONVERSION = YES;
				GCC_WARN_ABOUT_RETURN_TYPE = YES_ERROR;
				GCC_WARN_UNDECLARED_SELECTOR = YES;
				GCC_WARN_UNINITIALIZED_AUTOS = YES_AGGRESSIVE;
				GCC_WARN_UNUSED_FUNCTION = YES;
				GCC_WARN_UNUSED_VARIABLE = YES;
				IPHONEOS_DEPLOYMENT_TARGET = 10.1;
				MTL_ENABLE_DEBUG_INFO = NO;
				SDKROOT = iphoneos;
				TARGETED_DEVICE_FAMILY = "1,2";
				VALIDATE_PRODUCT = YES;
			};
			name = Release;
		};
		117AFA8A1DEEC32C00F2FDB3 /* Debug */ = {
			isa = XCBuildConfiguration;
			buildSettings = {
				ASSETCATALOG_COMPILER_APPICON_NAME = AppIcon;
				CODE_SIGN_IDENTITY = "iPhone Developer";
				"CODE_SIGN_IDENTITY[sdk=iphoneos*]" = "iPhone Developer";
				DEVELOPMENT_TEAM = 9S578ADP92;
				ENABLE_BITCODE = NO;
				FRAMEWORK_SEARCH_PATHS = (
					"$(SRCROOT)/../lib",
					"$(inherited)",
				);
				INFOPLIST_FILE = MapDemo/Info.plist;
				IPHONEOS_DEPLOYMENT_TARGET = 10.0;
				LD_RUNPATH_SEARCH_PATHS = "";
				LIBRARY_SEARCH_PATHS = "";
				OTHER_CFLAGS = "";
				OTHER_LDFLAGS = "";
				PRODUCT_BUNDLE_IDENTIFIER = "b-Mac.MapDemo";
				PRODUCT_NAME = "$(TARGET_NAME)";
			};
			name = Debug;
		};
		117AFA8B1DEEC32C00F2FDB3 /* Release */ = {
			isa = XCBuildConfiguration;
			buildSettings = {
				ASSETCATALOG_COMPILER_APPICON_NAME = AppIcon;
				CODE_SIGN_IDENTITY = "iPhone Developer";
				DEVELOPMENT_TEAM = 9S578ADP92;
				ENABLE_BITCODE = NO;
				FRAMEWORK_SEARCH_PATHS = (
					"$(SRCROOT)/../lib",
					"$(inherited)",
				);
				INFOPLIST_FILE = MapDemo/Info.plist;
				IPHONEOS_DEPLOYMENT_TARGET = 10.0;
				LD_RUNPATH_SEARCH_PATHS = "";
				LIBRARY_SEARCH_PATHS = "";
				OTHER_CFLAGS = "-DNS_BLOCK_ASSERTIONS=1";
				OTHER_LDFLAGS = "";
				PRODUCT_BUNDLE_IDENTIFIER = "b-Mac.MapDemo";
				PRODUCT_NAME = "$(TARGET_NAME)";
			};
			name = Release;
		};
/* End XCBuildConfiguration section */

/* Begin XCConfigurationList section */
		117AFA6D1DEEC32B00F2FDB3 /* Build configuration list for PBXProject "MapDemo" */ = {
			isa = XCConfigurationList;
			buildConfigurations = (
				117AFA871DEEC32C00F2FDB3 /* Debug */,
				117AFA881DEEC32C00F2FDB3 /* Release */,
			);
			defaultConfigurationIsVisible = 0;
			defaultConfigurationName = Release;
		};
		117AFA891DEEC32C00F2FDB3 /* Build configuration list for PBXNativeTarget "MapDemo" */ = {
			isa = XCConfigurationList;
			buildConfigurations = (
				117AFA8A1DEEC32C00F2FDB3 /* Debug */,
				117AFA8B1DEEC32C00F2FDB3 /* Release */,
			);
			defaultConfigurationIsVisible = 0;
			defaultConfigurationName = Release;
		};
/* End XCConfigurationList section */
	};
	rootObject = 117AFA6A1DEEC32B00F2FDB3 /* Project object */;
}
